
Microsoft Visual Studio Solution File, Format Version 12.00
# Visual Studio Version 16
VisualStudioVersion = 16.0.30011.22
MinimumVisualStudioVersion = 10.0.40219.1
Project("{FAE04EC0-301F-11D3-BF4B-00C04F79EFBC}") = "Store", "Store\Store.csproj", "{FDE1EAF8-346E-468E-AE33-C6901403A3DD}"
EndProject
Global
	GlobalSection(SolutionConfigurationPlatforms) = preSolution
		Debug|Any CPU = Debug|Any CPU
		Release|Any CPU = Release|Any CPU
	EndGlobalSection
	GlobalSection(ProjectConfigurationPlatforms) = postSolution
		{FDE1EAF8-346E-468E-AE33-C6901403A3DD}.Debug|Any CPU.ActiveCfg = Debug|Any CPU
		{FDE1EAF8-346E-468E-AE33-C6901403A3DD}.Debug|Any CPU.Build.0 = Debug|Any CPU
		{FDE1EAF8-346E-468E-AE33-C6901403A3DD}.Release|Any CPU.ActiveCfg = Release|Any CPU
		{FDE1EAF8-346E-468E-AE33-C6901403A3DD}.Release|Any CPU.Build.0 = Release|Any CPU
	EndGlobalSection
	GlobalSection(SolutionProperties) = preSolution
		HideSolutionNode = FALSE
	EndGlobalSection
	GlobalSection(ExtensibilityGlobals) = postSolution
		SolutionGuid = {0E888C18-2B72-409D-8517-DF43B0E1FC79}
	EndGlobalSection
EndGlobal
